
Microsoft Visual Studio Solution File, Format Version 12.00
# Visual Studio 2012
Project("{FAE04EC0-301F-11D3-BF4B-00C04F79EFBC}") = "UnionAndIntersectionOfArrays", "UnionAndIntersectionOfArrays\UnionAndIntersectionOfArrays.csproj", "{B589E260-2BF4-4C64-AA54-A2A5FCE6B72C}"
EndProject
Global
	GlobalSection(SolutionConfigurationPlatforms) = preSolution
		Debug|Any CPU = Debug|Any CPU
		Release|Any CPU = Release|Any CPU
	EndGlobalSection
	GlobalSection(ProjectConfigurationPlatforms) = postSolution
		{B589E260-2BF4-4C64-AA54-A2A5FCE6B72C}.Debug|Any CPU.ActiveCfg = Debug|Any CPU
		{B589E260-2BF4-4C64-AA54-A2A5FCE6B72C}.Debug|Any CPU.Build.0 = Debug|Any CPU
		{B589E260-2BF4-4C64-AA54-A2A5FCE6B72C}.Release|Any CPU.ActiveCfg = Release|Any CPU
		{B589E260-2BF4-4C64-AA54-A2A5FCE6B72C}.Release|Any CPU.Build.0 = Release|Any CPU
	EndGlobalSection
	GlobalSection(SolutionProperties) = preSolution
		HideSolutionNode = FALSE
	EndGlobalSection
EndGlobal
